
Microsoft Visual Studio Solution File, Format Version 12.00
# Visual Studio Version 16
VisualStudioVersion = 16.0.30621.155
MinimumVisualStudioVersion = 10.0.40219.1
Project("{FAE04EC0-301F-11D3-BF4B-00C04F79EFBC}") = "WpfApp5", "WpfApp5.csproj", "{E3332373-D3C5-4757-A11A-19B86BE29294}"
EndProject
Global
	GlobalSection(SolutionConfigurationPlatforms) = preSolution
		Debug|Any CPU = Debug|Any CPU
		Release|Any CPU = Release|Any CPU
	EndGlobalSection
	GlobalSection(ProjectConfigurationPlatforms) = postSolution
		{E3332373-D3C5-4757-A11A-19B86BE29294}.Debug|Any CPU.ActiveCfg = Debug|Any CPU
		{E3332373-D3C5-4757-A11A-19B86BE29294}.Debug|Any CPU.Build.0 = Debug|Any CPU
		{E3332373-D3C5-4757-A11A-19B86BE29294}.Release|Any CPU.ActiveCfg = Release|Any CPU
		{E3332373-D3C5-4757-A11A-19B86BE29294}.Release|Any CPU.Build.0 = Release|Any CPU
	EndGlobalSection
	GlobalSection(SolutionProperties) = preSolution
		HideSolutionNode = FALSE
	EndGlobalSection
	GlobalSection(ExtensibilityGlobals) = postSolution
		SolutionGuid = {19A326E7-8A44-4357-A308-DA3F2EF67FCF}
	EndGlobalSection
EndGlobal
